
Microsoft Visual Studio Solution File, Format Version 12.00
# Visual Studio 15
VisualStudioVersion = 15.0.27703.2042
MinimumVisualStudioVersion = 10.0.40219.1
Project("{FAE04EC0-301F-11D3-BF4B-00C04F79EFBC}") = "FindCustomer", "FindCustomer\FindCustomer.csproj", "{722876D1-73D4-489C-9360-9C26C25D2AF5}"
EndProject
Global
	GlobalSection(SolutionConfigurationPlatforms) = preSolution
		Debug|Any CPU = Debug|Any CPU
		Release|Any CPU = Release|Any CPU
	EndGlobalSection
	GlobalSection(ProjectConfigurationPlatforms) = postSolution
		{722876D1-73D4-489C-9360-9C26C25D2AF5}.Debug|Any CPU.ActiveCfg = Debug|Any CPU
		{722876D1-73D4-489C-9360-9C26C25D2AF5}.Debug|Any CPU.Build.0 = Debug|Any CPU
		{722876D1-73D4-489C-9360-9C26C25D2AF5}.Release|Any CPU.ActiveCfg = Release|Any CPU
		{722876D1-73D4-489C-9360-9C26C25D2AF5}.Release|Any CPU.Build.0 = Release|Any CPU
	EndGlobalSection
	GlobalSection(SolutionProperties) = preSolution
		HideSolutionNode = FALSE
	EndGlobalSection
	GlobalSection(ExtensibilityGlobals) = postSolution
		SolutionGuid = {9DBA8324-B26D-4E48-BFC2-57940D0FB9C4}
	EndGlobalSection
EndGlobal
